# THIS IS AN AUTOGENERATED FILE. DO NOT EDIT THIS FILE DIRECTLY.
# yarn lockfile v1


"@babel/helper-string-parser@^7.29.7":
  version "7.29.7"
  resolved "https://registry.npmjs.org/@babel/helper-string-parser/-/helper-string-parser-7.29.7.tgz"
  integrity sha512-Pb5ijPrZ89GDH8223L4UP8i6QApWxs04RbPQJTeWDV0/keR2E36MeKnyr6LYmUUvqRRI+Iv87SuF1W6ErINzYw==

"@babel/helper-validator-identifier@^7.29.7":
  version "7.29.7"
  resolved "https://registry.npmjs.org/@babel/helper-validator-identifier/-/helper-validator-identifier-7.29.7.tgz"
  integrity sha512-qehxGkRj55h/ff8EMaJ+cYhyaKlHIxqYDn682wQD7RNp9UujOQsHog2uS0r2vzr4pW+sXf90NeeayjcNaX3fFg==

"@babel/parser@^7.29.8":
  version "7.29.8"
  resolved "https://registry.npmjs.org/@babel/parser/-/parser-7.29.8.tgz"
  integrity sha512-E8lTAYNB1KW+FH+VGJuZM1ioAx2E6oVlvQFRrf5P8ZZmsiJXYAD9vTFV7yyEURNzgh1dFqMZuO6tUwcARbqFCA==
  dependencies:
    "@babel/types" "^7.29.8"

"@babel/types@^7.29.8":
  version "7.29.8"
  resolved "https://registry.npmjs.org/@babel/types/-/types-7.29.8.tgz"
  integrity sha512-Vj1jF3cPfxg7OAfoI7QnVKLoILlm2JF9pnVHrX8qx7AHMiYWT+NDAA7jChlNgRS4WTLc/fD1lXLmPixluj+3Gg==
  dependencies:
    "@babel/helper-string-parser" "^7.29.7"
    "@babel/helper-validator-identifier" "^7.29.7"

"@dimforge/rapier3d-compat@~0.12.0":
  version "0.12.0"
  resolved "https://registry.npmjs.org/@dimforge/rapier3d-compat/-/rapier3d-compat-0.12.0.tgz"
  integrity sha512-uekIGetywIgopfD97oDL5PfeezkFpNhwlzlaEYNOA0N6ghdsOvh/HYjSMek5Q2O1PYvRSDFcqFVJl4r4ZBwOow==

"@esbuild/aix-ppc64@0.28.2":
  version "0.28.2"
  resolved "https://registry.npmjs.org/@esbuild/aix-ppc64/-/aix-ppc64-0.28.2.tgz#bf6e10303bcf2e7c686975fa52f937ec2728d8bc"
  integrity sha512-XExcO+dvLKvVtNTibSTBej1NCAbaGhWn9Ww1ZPx80qsahhPFe/8jgWP0IchNe0F3HwkU7n8ejhH8bjonqht8mQ==

"@esbuild/android-arm64@0.28.2":
  version "0.28.2"
  resolved "https://registry.npmjs.org/@esbuild/android-arm64/-/android-arm64-0.28.2.tgz#0c6246bc8d2c4d172aac2db3fb1190d72bd65504"
  integrity sha512-5YfKeeI8qWfBZIX+u2xZC3Zlb3Os/gLS2sbEKM+I4ZOcsWmHS2WLysCcQZDAFRslDUU5Oiq44gf6PYN1vGwG5A==

"@esbuild/android-arm@0.28.2":
  version "0.28.2"
  resolved "https://registry.npmjs.org/@esbuild/android-arm/-/android-arm-0.28.2.tgz#2d84ece6a4e2684d92be26ee13d42757d831c381"
  integrity sha512-kXXoiPVVGQcnIYGOeaovwOURpniDBpSq4A03qkQ+BMQqtGG6HYap3xne9C1O1yo4TR3qxlCX5IqqmX6fFo2Lqg==

"@esbuild/android-x64@0.28.2":
  version "0.28.2"
  resolved "https://registry.npmjs.org/@esbuild/android-x64/-/android-x64-0.28.2.tgz#fc38d4d6358d8dc1cf53f09f7589fe436eb64801"
  integrity sha512-O387ite7SzUyCcy3JQX4P4bLtEA7bLLkx+esve5JHnyYfNTxcVpXZo9jhdB0lTKN44gztELTdU7nS8Nr16Fs1Q==

"@esbuild/darwin-arm64@0.28.2":
  version "0.28.2"
  resolved "https://registry.npmjs.org/@esbuild/darwin-arm64/-/darwin-arm64-0.28.2.tgz#f83afeeac1d7dac01c7a2fd012b3e451a0591fcc"
  integrity sha512-n4KqkOQrraxHJcgjM1RvwbigfQKIKJVpM7xp+KsxiyUSrRdIXnt73VhrPAx0fV44hgfmIVKjxMN9J1t5jySVkw==

"@esbuild/darwin-x64@0.28.2":
  version "0.28.2"
  resolved "https://registry.npmjs.org/@esbuild/darwin-x64/-/darwin-x64-0.28.2.tgz#510147c055a795588dbbe14fd6b1b8ad0a2f30de"
  integrity sha512-uq6suIWYP37qzGddBKPw5QEQPi6HiLGsO7UmkpfyaYNQ3D+rN6w6WfwH+nuqcGXWvawGwxOEroO4YGnFh95azw==

"@esbuild/freebsd-arm64@0.28.2":
  version "0.28.2"
  resolved "https://registry.npmjs.org/@esbuild/freebsd-arm64/-/freebsd-arm64-0.28.2.tgz#093b9200ecf0b115ba4e5e248a7485c9c5f8bd5e"
  integrity sha512-n+I0BTSRIoy+d6RPKnEVwql5UwBJolytvY4mAOIEJorKlqgPII8ix6slVVrfZ5Tnj7glIZvloylbB/EJPMWEXw==

"@esbuild/freebsd-x64@0.28.2":
  version "0.28.2"
  resolved "https://registry.npmjs.org/@esbuild/freebsd-x64/-/freebsd-x64-0.28.2.tgz#0be22b6df925d213e841ea87123af5df80b0faf7"
  integrity sha512-78XJTJkvPs0kz2w61301PJjXl4g7q3JqiYMZ/M/yVI73EHBrCRTgkhu9oqG7vPqq+a/yadEW8aD+agKlk5xrmg==

"@esbuild/linux-arm64@0.28.2":
  version "0.28.2"
  resolved "https://registry.npmjs.org/@esbuild/linux-arm64/-/linux-arm64-0.28.2.tgz#1bdbc651cda9ba9995c53ed9c71ceaa65094762d"
  integrity sha512-pW4AC0P3it8c7do9MVM4p51FzHzdM/TZrerurgRcHJ2WTa1VQ1CIq18xncfpBJw4ojkiZZrKW2yIBWBP92j6Ug==

"@esbuild/linux-arm@0.28.2":
  version "0.28.2"
  resolved "https://registry.npmjs.org/@esbuild/linux-arm/-/linux-arm-0.28.2.tgz#beb12ad72b84f72d28488cc1b8ee9f7eb141d753"
  integrity sha512-XlDnu2q5yoqems+xay6wSAcg9DDD7K9RLKZEBOMZm3ckNpJBvOX20tSfby8KfrrhINDyv9V2YVZKY/SpoGJI8w==

"@esbuild/linux-ia32@0.28.2":
  version "0.28.2"
  resolved "https://registry.npmjs.org/@esbuild/linux-ia32/-/linux-ia32-0.28.2.tgz#b81f9d55529b45c206a46a138214b1aa6879696b"
  integrity sha512-CYbnj78HsIeA+DhgUKgFCfvNsTHFhMMrinUrMZpDXJXKN8T3XViTZ/+wtHeVxEWY8ewSzTFN+nRmSwO2tZaLUQ==

"@esbuild/linux-loong64@0.28.2":
  version "0.28.2"
  resolved "https://registry.npmjs.org/@esbuild/linux-loong64/-/linux-loong64-0.28.2.tgz#598667241a04c99b76ed6ef940ac50038c419f98"
  integrity sha512-buwkd8nsph4R+ajRvw0qM5Hja/TXQow3ptzWO2EbG/cqcIkHloRrdlBtQlshyYGTNFvfkfJ5tpPLVkY4DtsPfQ==

"@esbuild/linux-mips64el@0.28.2":
  version "0.28.2"
  resolved "https://registry.npmjs.org/@esbuild/linux-mips64el/-/linux-mips64el-0.28.2.tgz#1c51eb9cea903f53d97b5af3b1841db70f5596ca"
  integrity sha512-ZVykbDyk7519VwiNb9Lcj9m8XM6v5V9uKPvrEMkkEedVewf+0itkhahp4HDpgERXhwLRpWFypsGbG/J8s0QjJA==

"@esbuild/linux-ppc64@0.28.2":
  version "0.28.2"
  resolved "https://registry.npmjs.org/@esbuild/linux-ppc64/-/linux-ppc64-0.28.2.tgz#63dd61f17ceb31a81227f413feac8a71bc2c51f2"
  integrity sha512-CAXl+Dtd9UUuJd8pKKdwh6MLm3MUMiqMPmhZ3tTSXPqfyQ3vDl6R5hZdZ/kYojK4ofXtdfSv1tFq8XzWx3heNQ==

"@esbuild/linux-riscv64@0.28.2":
  version "0.28.2"
  resolved "https://registry.npmjs.org/@esbuild/linux-riscv64/-/linux-riscv64-0.28.2.tgz#3763b08fde5cf25ab1facb8e7752edfe45fbfc27"
  integrity sha512-GeXCej4IQtU1B+QlDV8W/RRvbzI3O/Stss+/bCXv4lZls5WGRtu2a+3JkA3i4qIUlMXpcHebWpF8AkJhATowuA==

"@esbuild/linux-s390x@0.28.2":
  version "0.28.2"
  resolved "https://registry.npmjs.org/@esbuild/linux-s390x/-/linux-s390x-0.28.2.tgz#1a137ff293a82906eb3176385bd7e8e0e5cfb7cb"
  integrity sha512-3H1weTYZPxt/WOhByszQZybS9w5lKzUn1FDMsgEChbHWQwHYQQRfBxgCcZvPhjHfKyJjIievvMmEUawJrdY9Dg==

"@esbuild/linux-x64@0.28.2":
  version "0.28.2"
  resolved "https://registry.npmjs.org/@esbuild/linux-x64/-/linux-x64-0.28.2.tgz#268b36211c146ca54f8fe12c578a8d6ef8979485"
  integrity sha512-4xTZr1FUmSoQW4XIWmit3tzQrUTZM+N3P0XV8xROKYF50XfI7xeO90+1bZvNwxIufQ9hDQVRJH5YhgPVF8A/HQ==

"@esbuild/netbsd-arm64@0.28.2":
  version "0.28.2"
  resolved "https://registry.npmjs.org/@esbuild/netbsd-arm64/-/netbsd-arm64-0.28.2.tgz#22571ad951d62bb6accc82d8d1fad5c8c1ac0ba1"
  integrity sha512-sSATRjPeDBg3pdgHoQfoYBob11Kk1FGa9lui5RIHZCoCkJa9QKlvl3/vKz2usCmYYjs7ymJR/2Nnsqe+Hjt5nw==

"@esbuild/netbsd-x64@0.28.2":
  version "0.28.2"
  resolved "https://registry.npmjs.org/@esbuild/netbsd-x64/-/netbsd-x64-0.28.2.tgz#42fcc57297eb0a0ca3f5fc475291f4c1a3f7c0de"
  integrity sha512-lqnzCV+mM0gIADaKihiCg6ifgfU2L3h5E33rNQBN1Y4MaVGnzryzmvvf7UHxprpQdE8hpqLolJ9Rl+SkIRDpyw==

"@esbuild/openbsd-arm64@0.28.2":
  version "0.28.2"
  resolved "https://registry.npmjs.org/@esbuild/openbsd-arm64/-/openbsd-arm64-0.28.2.tgz#9eb32af104ac3dacf4edca01f596664aab0c73ef"
  integrity sha512-AL2qJILH7lNjrDmCQDvdxMfAUIv8KMNZOvrwAQ8i8//ntL9FflhOyMJ8OZSMBb8/AWXe3/5v5S20y3zCoZWKoQ==

"@esbuild/openbsd-x64@0.28.2":
  version "0.28.2"
  resolved "https://registry.npmjs.org/@esbuild/openbsd-x64/-/openbsd-x64-0.28.2.tgz#febed2402d6088225e91f20fb4ce2522ad0a4efd"
  integrity sha512-QtiuPytchRyC4rwUKhexJdQKvDuZ6hWloi3igqPQNUJCS1/v9EiO3UTOXR6A3FoMo4fnAKbWJdqaIwhOzh8qEw==

"@esbuild/openharmony-arm64@0.28.2":
  version "0.28.2"
  resolved "https://registry.npmjs.org/@esbuild/openharmony-arm64/-/openharmony-arm64-0.28.2.tgz#85641c3d466428bfbccea5f21c26836663fef5ce"
  integrity sha512-WkhYDmpTjLvGlScA1rwjRUmhl4k8oXR3cIbtqWmELgU/dFeHHlEllxDvdWcNJV9rbzCexB5vz8gtNewWLgCT7Q==

"@esbuild/sunos-x64@0.28.2":
  version "0.28.2"
  resolved "https://registry.npmjs.org/@esbuild/sunos-x64/-/sunos-x64-0.28.2.tgz#a736f9d8962481045fc4c3e54f5479f22c870fb4"
  integrity sha512-GPMSkTOtMnv2U2F8gxe4Io6qmVs+YKyp832Etqqxr0hFngmXQ3rzwytelm3GIn7T4VviRUlf3sOgBOiTdvaf7g==

"@esbuild/win32-arm64@0.28.2":
  version "0.28.2"
  resolved "https://registry.npmjs.org/@esbuild/win32-arm64/-/win32-arm64-0.28.2.tgz#ee5ab40fad186201b652a33f8a5eb149e9e42532"
  integrity sha512-PIhhEkE9uPBleRBrQEJpUn7MBnibZzbGzYWPmY3x+YoVg/95zbjB4CxPPOQ8l5tYYM4mMaCthF8/1DIfBQQyWQ==

"@esbuild/win32-ia32@0.28.2":
  version "0.28.2"
  resolved "https://registry.npmjs.org/@esbuild/win32-ia32/-/win32-ia32-0.28.2.tgz#c40d28a6d99a127da6711f2afd74b11cb63b06a7"
  integrity sha512-YmJbfTlvU7Sdn9BB+4PRES4oB6pxgS37MAONj+hBr/cpXS1aBPKXxNnDbu+QCWPj0o9dgyxeq79g6c5P8KeuYA==

"@esbuild/win32-x64@0.28.2":
  version "0.28.2"
  resolved "https://registry.npmjs.org/@esbuild/win32-x64/-/win32-x64-0.28.2.tgz"
  integrity sha512-5ebpxr3nWMzrL/rnUI755Jkuee0bHL/Gq0WTF9lvcpv73wAp5eu8MfBUgWK9bhWvZjj7yX8etf/8tI8Ney695g==

"@jridgewell/sourcemap-codec@^1.5.5":
  version "1.6.0"
  resolved "https://registry.npmjs.org/@jridgewell/sourcemap-codec/-/sourcemap-codec-1.6.0.tgz"
  integrity sha512-T7jf+5zgsZHwNJ4lvQ7/aezbyk0nNX+zJVWpmHA7VYsEx7a7qr5Rg5IbtJFqkgze5Y2sruq1RUY8Q837Od7iFw==

"@napi-rs/lzma-linux-x64-gnu@1.5.1":
  version "1.5.1"
  resolved "https://registry.npmjs.org/@napi-rs/lzma-linux-x64-gnu/-/lzma-linux-x64-gnu-1.5.1.tgz#e57d4306966078662038094fb38eb9146dc3aea9"
  integrity sha512-oTXEIha4SsuXdTA4Iyskj0kpdx2yVXdhd75c2v3xGrHFfVMsbhTPZU/nMPL4sWKo4pBHm3aucLaqGlF696dTyQ==

"@nodelib/fs.scandir@2.1.5":
  version "2.1.5"
  resolved "https://registry.npmjs.org/@nodelib/fs.scandir/-/fs.scandir-2.1.5.tgz"
  integrity sha512-vq24Bq3ym5HEQm2NKCr3yXDwjc7vTsEThRDnkp2DK9p1uqLR+DHurm/NOTo0KG7HYHU7eppKZj3MyqYuMBf62g==
  dependencies:
    "@nodelib/fs.stat" "2.0.5"
    run-parallel "^1.1.9"

"@nodelib/fs.stat@2.0.5", "@nodelib/fs.stat@^2.0.2":
  version "2.0.5"
  resolved "https://registry.npmjs.org/@nodelib/fs.stat/-/fs.stat-2.0.5.tgz"
  integrity sha512-RkhPPp2zrqDAQA/2jNhnztcPAlv64XdhIp7a7454A5ovI7Bukxgt7MX7udwAu3zg1DcpPU0rz3VV1SeaqvY4+A==

"@nodelib/fs.walk@^1.2.3":
  version "1.2.8"
  resolved "https://registry.npmjs.org/@nodelib/fs.walk/-/fs.walk-1.2.8.tgz"
  integrity sha512-oGB+UxlgWcgQkgwo8GcEGwemoTFt3FIO9ababBmaGwXIoBKZ+GTy0pP185beGg7Llih/NSHSV2XAs1lnznocSg==
  dependencies:
    "@nodelib/fs.scandir" "2.1.5"
    fastq "^1.6.0"

"@rolldown/pluginutils@^1.0.1":
  version "1.0.1"
  resolved "https://registry.npmjs.org/@rolldown/pluginutils/-/pluginutils-1.0.1.tgz"
  integrity sha512-2j9bGt5Jh8hj+vPtgzPtl72j0yRxHAyumoo6TNfAjsLB04UtpSvPbPcDcBMxz7n+9CYB0c1GxQFxYRg2jimqGw==

"@rollup/rollup-android-arm-eabi@4.63.1":
  version "4.63.1"
  resolved "https://registry.npmjs.org/@rollup/rollup-android-arm-eabi/-/rollup-android-arm-eabi-4.63.1.tgz#d03ba6ea54f9ec80688d153763cd325a2d2a5af6"
  integrity sha512-UZ8sUxPTiHWYX9QNdJedb1kDZSpS1t/VPWBWGSgqHNi9w3Cu6IXvu2mzbhiTiPvtrqgTQJ+zqiAq2iPIPilpaQ==

"@rollup/rollup-android-arm64@4.63.1":
  version "4.63.1"
  resolved "https://registry.npmjs.org/@rollup/rollup-android-arm64/-/rollup-android-arm64-4.63.1.tgz#db5e36aa8a955b4b5e0b024d671230edc5cdc191"
  integrity sha512-cQ4nFQABN5cDvDpbvJ7bMStCpnaVxynZrRMfUJYgxcIk9Sh54FIO1vtfkg0B69REjER77ioZ/ov+eAApx/KmLQ==

"@rollup/rollup-darwin-arm64@4.63.1":
  version "4.63.1"
  resolved "https://registry.npmjs.org/@rollup/rollup-darwin-arm64/-/rollup-darwin-arm64-4.63.1.tgz#1ed1c43922e7b9b5d020ef65d8402e3c81edc86e"
  integrity sha512-FQNqd1lRy/0QhDk3xeRIkSBiCpXCiDnZO3YLVdcDKN1UBiKToNftCzcXYNLshmPDUMlu2TdeS8tGcsU6f3YF1Q==

"@rollup/rollup-darwin-x64@4.63.1":
  version "4.63.1"
  resolved "https://registry.npmjs.org/@rollup/rollup-darwin-x64/-/rollup-darwin-x64-4.63.1.tgz#0a86e782bf7a546e74f531e395e24fdb45c83527"
  integrity sha512-pvD16V939D3CloK0+qikpGaxiPrDUXTe7Y5cWOMkMSy7m1cawa8EGy/kXYi/G/cKAC4HDAbSnzCIk1WmsoOKXg==

"@rollup/rollup-freebsd-arm64@4.63.1":
  version "4.63.1"
  resolved "https://registry.npmjs.org/@rollup/rollup-freebsd-arm64/-/rollup-freebsd-arm64-4.63.1.tgz#82fa51c540185b5063c8b3c63aac79b15f2801ad"
  integrity sha512-pcFGeL2345VwdTnJhA6zLbew+YgWB0qBG2+dMtXjCicf6+rm6kO6cOoh5VnTe0ZMrMRgRyuHmCJxZWrIdzYuOw==

"@rollup/rollup-freebsd-x64@4.63.1":
  version "4.63.1"
  resolved "https://registry.npmjs.org/@rollup/rollup-freebsd-x64/-/rollup-freebsd-x64-4.63.1.tgz#df1d73b567fd62e0cf21c9b57dff7f44bfd69638"
  integrity sha512-mRJlqSRulVzcKq/LKA6ICSIc3K/l4fzlVn/gePn2nXIHy8seRi5z/eeRE0d/XMBxcMldiXtQTSpRj0tkkC3g8Q==

"@rollup/rollup-linux-arm-gnueabihf@4.63.1":
  version "4.63.1"
  resolved "https://registry.npmjs.org/@rollup/rollup-linux-arm-gnueabihf/-/rollup-linux-arm-gnueabihf-4.63.1.tgz#a585ba0418027a5b567693db3982e5e57544a4c7"
  integrity sha512-YDUNvVM85TI3g/1OpnqKP1h4NeW/j64DfWMf+G3M809xNk1bJSnpFp4sh83NpmVE5DXnkh8ULor4LTVZKoYLHw==

"@rollup/rollup-linux-arm-musleabihf@4.63.1":
  version "4.63.1"
  resolved "https://registry.npmjs.org/@rollup/rollup-linux-arm-musleabihf/-/rollup-linux-arm-musleabihf-4.63.1.tgz#1326f0db22b690a92efd8eaa06e92268dc7d1bb6"
  integrity sha512-7Mcn71p9ZuQFAj+h+dhQXy/yeLePRS2yKRnmW1DijA9thKO5qap0GNOIQK4yQ6iP3SU0Mrb/yWo8h8vgRba8lw==

"@rollup/rollup-linux-arm64-gnu@4.63.1":
  version "4.63.1"
  resolved "https://registry.npmjs.org/@rollup/rollup-linux-arm64-gnu/-/rollup-linux-arm64-gnu-4.63.1.tgz#9491939f7cc43a5b26a877417faeafe69bac79ac"
  integrity sha512-4YiLQTX6U4CSl0L9cluep9A9W6UmTfqBDc2/CH6wlu54pl4E7Jn3cOD8oxzvBDEGk/JMKgJ47C8g+radF7mwvg==

"@rollup/rollup-linux-arm64-musl@4.63.1":
  version "4.63.1"
  resolved "https://registry.npmjs.org/@rollup/rollup-linux-arm64-musl/-/rollup-linux-arm64-musl-4.63.1.tgz#a53d93dac32acc671324af1153930ab5a04d8639"
  integrity sha512-2ra8F7w8OquwZN9z2/fKFnli69wa8PLwaVzRMIPGb13ByMJwC28Fbp8YcVGoUhlYMTt7j5j9bNgpysrN2UM+vw==

"@rollup/rollup-linux-loong64-gnu@4.63.1":
  version "4.63.1"
  resolved "https://registry.npmjs.org/@rollup/rollup-linux-loong64-gnu/-/rollup-linux-loong64-gnu-4.63.1.tgz#db6e06173efc870be49a2df692d0c0607417a679"
  integrity sha512-Sy20ncyhjmBP0Ml+UvQbimjlk6VFgjW5uNP+qqwHB00mTE8Bl2C1TuHTlRwK2YoXeZbee5lP2XevBWVkAQAtSQ==

"@rollup/rollup-linux-loong64-musl@4.63.1":
  version "4.63.1"
  resolved "https://registry.npmjs.org/@rollup/rollup-linux-loong64-musl/-/rollup-linux-loong64-musl-4.63.1.tgz#a60734a3de407bcf4bfe44d0b64222c0b9fb30bc"
  integrity sha512-noITLp8oNjYliPnGWmLyelIHwULGqbHloQHGw1rtxbWhTuWooRpnZarZQJ1y9EUC4szuCusCc+HEpUtxpIwYvA==

"@rollup/rollup-linux-ppc64-gnu@4.63.1":
  version "4.63.1"
  resolved "https://registry.npmjs.org/@rollup/rollup-linux-ppc64-gnu/-/rollup-linux-ppc64-gnu-4.63.1.tgz#28a67e15d7ba8630ef044980a39626e0627d6e73"
  integrity sha512-hlxxXd+F1mWiAcaFR7Sv9ZQT6m6UfI8+Vy/kFJzztq2pDMU/0wZ9sish0iszNZvsQDo8Gc0i5yuFEOz5dDf6fA==

"@rollup/rollup-linux-ppc64-musl@4.63.1":
  version "4.63.1"
  resolved "https://registry.npmjs.org/@rollup/rollup-linux-ppc64-musl/-/rollup-linux-ppc64-musl-4.63.1.tgz#77bb553a514942af54070756763dbb44c9c6cb2b"
  integrity sha512-EF7OpqQTQ/BvGqLzUi4rEHuagCV9MugAUXSHemwPW5vxZ75RR+jxO/2j95Ph2dalMpFHSVECjRoioHZgA9zOYA==

"@rollup/rollup-linux-riscv64-gnu@4.63.1":
  version "4.63.1"
  resolved "https://registry.npmjs.org/@rollup/rollup-linux-riscv64-gnu/-/rollup-linux-riscv64-gnu-4.63.1.tgz#ef9f31b917e3b310eac5b86d3b6626df7e543e3d"
  integrity sha512-wQO3JesW9PRkwlabQ27y7sPfVOOTLRG73I4F2UYHG5PXun3J9U3y+b7ezVKSYbsvSKGQ1k1cq8Qlun4C9kLt3w==

"@rollup/rollup-linux-riscv64-musl@4.63.1":
  version "4.63.1"
  resolved "https://registry.npmjs.org/@rollup/rollup-linux-riscv64-musl/-/rollup-linux-riscv64-musl-4.63.1.tgz#68cf61a2fc02171d1fa62568b73c1d942f82e80c"
  integrity sha512-ouAGwhO6wHRXdnOVCOsB0tRFkA7nhNB2Nwax6oECXN0YiN8EYUTBAOudADOB1PI+yDL61TeNx/u7MVCzksNbkQ==

"@rollup/rollup-linux-s390x-gnu@4.63.1":
  version "4.63.1"
  resolved "https://registry.npmjs.org/@rollup/rollup-linux-s390x-gnu/-/rollup-linux-s390x-gnu-4.63.1.tgz#92d393ca47da0d03d1c1cffb3d7340f26c3a53d2"
  integrity sha512-q2R38Sn+1J8RxhfJ+T54wSWmyKXWec+9jgDfqO2AtArEqHO5R2aeayp5H5OYLr5UYDVGsVaZPEFUooMhYCdz5A==

"@rollup/rollup-linux-x64-gnu@4.63.1":
  version "4.63.1"
  resolved "https://registry.npmjs.org/@rollup/rollup-linux-x64-gnu/-/rollup-linux-x64-gnu-4.63.1.tgz#f6e5c5c51f96ae298617fa26da54675acd60e3bc"
  integrity sha512-gfI5T24WLLuFfSKw7Go/zDXjAAV0fny0swTaDv+WjK7vqcw4cRhFfdsyKL1n+ukI+ooBxn3bVQnyrn06WpI50w==

"@rollup/rollup-linux-x64-musl@4.63.1":
  version "4.63.1"
  resolved "https://registry.npmjs.org/@rollup/rollup-linux-x64-musl/-/rollup-linux-x64-musl-4.63.1.tgz#227a949c481909c781d8a39c280f75553cdd16bc"
  integrity sha512-4h6XqthmB4Hspji84wvgk+ElodTsGj+dbZqHJHHtKxj4mYq0ANSEEPX9ys3moJueqsRjwpaJYH7874Itwnj2ow==

"@rollup/rollup-openbsd-x64@4.63.1":
  version "4.63.1"
  resolved "https://registry.npmjs.org/@rollup/rollup-openbsd-x64/-/rollup-openbsd-x64-4.63.1.tgz#f57241ebdb73d3bc236e7b1252988408b2139c13"
  integrity sha512-dlfCOa87o1VAYegLQ9EKilx2JCeRofiyPGhTCmqnuXZ6bMPiycO1rq1+sKoulAp7pGLIsTIw+1x5R+zgh5LhhA==

"@rollup/rollup-openharmony-arm64@4.63.1":
  version "4.63.1"
  resolved "https://registry.npmjs.org/@rollup/rollup-openharmony-arm64/-/rollup-openharmony-arm64-4.63.1.tgz#3a9ffe5af71e8316dd2716b57dd64287a8c1fa0b"
  integrity sha512-cjkLbOlfcm3QGhMM1J5zaZjsw1GggbN6rw9UTSSRrPrR1KkcXnN7Uq9rPw34xImQ9VOY9GN+6u2Zj80B9ptkcw==

"@rollup/rollup-win32-arm64-msvc@4.63.1":
  version "4.63.1"
  resolved "https://registry.npmjs.org/@rollup/rollup-win32-arm64-msvc/-/rollup-win32-arm64-msvc-4.63.1.tgz#7d4a40396ae79ebc1e3636c1d566c7d1838b800c"
  integrity sha512-Li1KdUnWGE4N3e1F/B4RTB1ms+nG4WBgjByO46pkeBVX/2UBsY53xf5vK9WygVmnH3RwncIST7lkSdLSY6P9lg==

"@rollup/rollup-win32-ia32-msvc@4.63.1":
  version "4.63.1"
  resolved "https://registry.npmjs.org/@rollup/rollup-win32-ia32-msvc/-/rollup-win32-ia32-msvc-4.63.1.tgz#f234ab80141da45ebe85727f714eb20de2e72c2a"
  integrity sha512-t4ZYOSoLTgwhuFMrmTMLx/+i1DQVK7HYqMc6kY46EApwi8X0nIVphzdNoThU3xt6n+N5urG1/gxBdCaKDLavfg==

"@rollup/rollup-win32-x64-gnu@4.63.1":
  version "4.63.1"
  resolved "https://registry.npmjs.org/@rollup/rollup-win32-x64-gnu/-/rollup-win32-x64-gnu-4.63.1.tgz"
  integrity sha512-RgroPfMmKlD1RzSDxvwgcPiy2HNQKoYV7OmwIXDsk73uKW5t6B/V8KIy27SMv/FNXFo/oSBtWc9J0X7t91ezZg==

"@rollup/rollup-win32-x64-msvc@4.63.1":
  version "4.63.1"
  resolved "https://registry.npmjs.org/@rollup/rollup-win32-x64-msvc/-/rollup-win32-x64-msvc-4.63.1.tgz"
  integrity sha512-at8QVep6S3h5Y6gSbdGU06bRY5WJkf6WUduM9YtvYMbYhB1MOFfUgc6kehitQXzOtMSaT70q7f9ydPhpqu821w==

"@ts-morph/common@~0.26.0":
  version "0.26.1"
  resolved "https://registry.npmjs.org/@ts-morph/common/-/common-0.26.1.tgz"
  integrity sha512-Sn28TGl/4cFpcM+jwsH1wLncYq3FtN/BIpem+HOygfBWPT5pAeS5dB4VFVzV8FbnOKHpDLZmvAl4AjPEev5idA==
  dependencies:
    fast-glob "^3.3.2"
    minimatch "^9.0.4"
    path-browserify "^1.0.1"

"@tweenjs/tween.js@~23.1.3":
  version "23.1.3"
  resolved "https://registry.npmjs.org/@tweenjs/tween.js/-/tween.js-23.1.3.tgz"
  integrity sha512-vJmvvwFxYuGnF2axRtPYocag6Clbb5YS7kLL+SO/TeVFzHqDIWrNKYtcsPMibjDx9O+bu+psAy9NKfWklassUA==

"@types/estree@1.0.9":
  version "1.0.9"
  resolved "https://registry.npmjs.org/@types/estree/-/estree-1.0.9.tgz"
  integrity sha512-GhdPgy1el4/ImP05X05Uw4cw2/M93BCUmnEvWZNStlCzEKME4Fkk+YpoA5OiHNQmoS7Cafb8Xa3Pya8m1Qrzeg==

"@types/node@^22.10.0":
  version "22.20.1"
  resolved "https://registry.npmjs.org/@types/node/-/node-22.20.1.tgz"
  integrity sha512-EANqOCF9QFyra+4pfxUcX9STKJpCLjMbObVzljIJomAWSnuSIEAvyzEU53GaajbXJEgdh0iEcPL+DGvpUd4k1Q==
  dependencies:
    undici-types "~6.21.0"

"@types/stats.js@*":
  version "0.17.4"
  resolved "https://registry.npmjs.org/@types/stats.js/-/stats.js-0.17.4.tgz"
  integrity sha512-jIBvWWShCvlBqBNIZt0KAshWpvSjhkwkEu4ZUcASoAvhmrgAUI2t1dXrjSL4xXVLB4FznPrIsX3nKXFl/Dt4vA==

"@types/three@^0.185.1":
  version "0.185.4"
  resolved "https://registry.npmjs.org/@types/three/-/three-0.185.4.tgz"
  integrity sha512-gAsBIC07NIFrxjbf7tH2t71c38uulFfk/RFoC7FNBSjMRAQ8J1x/RBvusX0N5PJouaYFJawXQqfCQ0RKUx/1nA==
  dependencies:
    "@dimforge/rapier3d-compat" "~0.12.0"
    "@tweenjs/tween.js" "~23.1.3"
    "@types/stats.js" "*"
    "@types/webxr" ">=0.5.17"
    fflate "~0.8.2"
    meshoptimizer "~1.1.1"

"@types/webxr@>=0.5.17":
  version "0.5.24"
  resolved "https://registry.npmjs.org/@types/webxr/-/webxr-0.5.24.tgz"
  integrity sha512-h8fgEd/DpoS9CBrjEQXR+dIDraopAEfu4wYVNY2tEPwk60stPWhvZMf4Foo5FakuQ7HFZoa8WceaWFervK2Ovg==

"@vitejs/plugin-vue@^6.0.0":
  version "6.0.8"
  resolved "https://registry.npmjs.org/@vitejs/plugin-vue/-/plugin-vue-6.0.8.tgz"
  integrity sha512-0ZjgOg7oO6farnNGup7yvoM/YXZV84OZxHAwtflItNa/6zzQyVb5LNxyea3FEKEX2XlagIKzrlH7wwxkKgtiew==
  dependencies:
    "@rolldown/pluginutils" "^1.0.1"

"@volar/language-core@2.4.28":
  version "2.4.28"
  resolved "https://registry.npmjs.org/@volar/language-core/-/language-core-2.4.28.tgz"
  integrity sha512-w4qhIJ8ZSitgLAkVay6AbcnC7gP3glYM3fYwKV3srj8m494E3xtrCv6E+bWviiK/8hs6e6t1ij1s2Endql7vzQ==
  dependencies:
    "@volar/source-map" "2.4.28"

"@volar/source-map@2.4.28":
  version "2.4.28"
  resolved "https://registry.npmjs.org/@volar/source-map/-/source-map-2.4.28.tgz"
  integrity sha512-yX2BDBqJkRXfKw8my8VarTyjv48QwxdJtvRgUpNE5erCsgEUdI2DsLbpa+rOQVAJYshY99szEcRDmyHbF10ggQ==

"@volar/typescript@2.4.28":
  version "2.4.28"
  resolved "https://registry.npmjs.org/@volar/typescript/-/typescript-2.4.28.tgz"
  integrity sha512-Ja6yvWrbis2QtN4ClAKreeUZPVYMARDYZl9LMEv1iQ1QdepB6wn0jTRxA9MftYmYa4DQ4k/DaSZpFPUfxl8giw==
  dependencies:
    "@volar/language-core" "2.4.28"
    path-browserify "^1.0.1"
    vscode-uri "^3.0.8"

"@vue/compiler-core@3.5.42":
  version "3.5.42"
  resolved "https://registry.npmjs.org/@vue/compiler-core/-/compiler-core-3.5.42.tgz"
  integrity sha512-2Ye1ilMtKXxl8qZUrQ5j0CdgenFp/HFQmta6rfRyfEsTG69L6Wk+tWuNoHYHMx9E8tF2Slvdg1FuwDvAXdy1LQ==
  dependencies:
    "@babel/parser" "^7.29.8"
    "@vue/shared" "3.5.42"
    entities "^7.0.1"
    estree-walker "^2.0.2"
    source-map-js "^1.2.1"

"@vue/compiler-dom@3.5.42", "@vue/compiler-dom@^3.5.0":
  version "3.5.42"
  resolved "https://registry.npmjs.org/@vue/compiler-dom/-/compiler-dom-3.5.42.tgz"
  integrity sha512-qbhQZEFmycr+ni/qyuccS4sucNN7VAbDfbkvNxWOX2VfgFm90MNs3/UhRNKoPMEIVn0F8gdlYjLPvqxHwHeQOA==
  dependencies:
    "@vue/compiler-core" "3.5.42"
    "@vue/shared" "3.5.42"

"@vue/compiler-sfc@3.5.42", "@vue/compiler-sfc@^3.5.17":
  version "3.5.42"
  resolved "https://registry.npmjs.org/@vue/compiler-sfc/-/compiler-sfc-3.5.42.tgz"
  integrity sha512-fkCAFB4okcAANGMThboWnScp/gzWjU0ZSkVnjTIiplmMDq2uq0tIB3j+xVu4rhv5rvOgBySCysudmbMd6xRRqw==
  dependencies:
    "@babel/parser" "^7.29.8"
    "@vue/compiler-core" "3.5.42"
    "@vue/compiler-dom" "3.5.42"
    "@vue/compiler-ssr" "3.5.42"
    "@vue/shared" "3.5.42"
    estree-walker "^2.0.2"
    magic-string "^0.30.21"
    postcss "^8.5.19"
    source-map-js "^1.2.1"

"@vue/compiler-ssr@3.5.42":
  version "3.5.42"
  resolved "https://registry.npmjs.org/@vue/compiler-ssr/-/compiler-ssr-3.5.42.tgz"
  integrity sha512-xmLk3wLkbizPAiLyomjgFFosf2ys9b5Ghb+oh/k2tnvipNz8OFrQOiTcWCzyK7MpBp9KkyGtfvgfLUivbmuGYA==
  dependencies:
    "@vue/compiler-dom" "3.5.42"
    "@vue/shared" "3.5.42"

"@vue/language-core@3.3.11":
  version "3.3.11"
  resolved "https://registry.npmjs.org/@vue/language-core/-/language-core-3.3.11.tgz"
  integrity sha512-QJmpliwAVpC/OxubIByPAhNzsQPRc8/gxlN2qnVzVfIMjMDz/9RnXRFoetjz5yEgXVXyp4LqhXq3V53PjmNzFw==
  dependencies:
    "@volar/language-core" "2.4.28"
    "@vue/compiler-dom" "^3.5.0"
    "@vue/shared" "^3.5.0"
    alien-signals "^3.2.1"
    muggle-string "^0.4.1"
    path-browserify "^1.0.1"
    picomatch "^4.0.4"

"@vue/reactivity@3.5.42":
  version "3.5.42"
  resolved "https://registry.npmjs.org/@vue/reactivity/-/reactivity-3.5.42.tgz"
  integrity sha512-TzNNfKpb7hDxbQltwAut8VDQA5YP+BuRlxntHUuRjyKwlMvmAPbs3unhCvieijifY6vFfVBwsS7wG/C7uq+bEQ==
  dependencies:
    "@vue/shared" "3.5.42"

"@vue/runtime-core@3.5.42":
  version "3.5.42"
  resolved "https://registry.npmjs.org/@vue/runtime-core/-/runtime-core-3.5.42.tgz"
  integrity sha512-9uACtuHs7vJGkm5Bp3xu4xRDLFTIYy5DgxpToVjqGIAhAEKwQfsaLvKINhM6nFVp6bZPRFGdDqd1g52MqKsotA==
  dependencies:
    "@vue/reactivity" "3.5.42"
    "@vue/shared" "3.5.42"

"@vue/runtime-dom@3.5.42":
  version "3.5.42"
  resolved "https://registry.npmjs.org/@vue/runtime-dom/-/runtime-dom-3.5.42.tgz"
  integrity sha512-rsCmhiWLaRxGltLwhlCWyYkFn7WAbKRh0q17eZ1A6Dq6eqc2ACQ61IIryxz0LrsvCzHSilLA9JHovVwM8CNE2g==
  dependencies:
    "@vue/reactivity" "3.5.42"
    "@vue/runtime-core" "3.5.42"
    "@vue/shared" "3.5.42"
    csstype "^3.2.3"

"@vue/server-renderer@3.5.42":
  version "3.5.42"
  resolved "https://registry.npmjs.org/@vue/server-renderer/-/server-renderer-3.5.42.tgz"
  integrity sha512-2++5dUyYS4gvo7xQXSECUDhB7TS0aOl5SeVfC5qSq1Jgfhjvegw1zqhwTIR3imZ+QYPJQw9gfcFvXGAjGZ7ajQ==
  dependencies:
    "@vue/compiler-ssr" "3.5.42"
    "@vue/runtime-dom" "3.5.42"
    "@vue/shared" "3.5.42"

"@vue/shared@3.5.42", "@vue/shared@^3.5.0":
  version "3.5.42"
  resolved "https://registry.npmjs.org/@vue/shared/-/shared-3.5.42.tgz"
  integrity sha512-2rPxex1jQf4jvl9MOHl6YaXCPcrNqz/FstMOEh3QWY+/OME9nQTvl9WYeCwhW7AFjaR0SnngZGlp/wkR6rkI6g==

alien-signals@^3.2.1:
  version "3.2.1"
  resolved "https://registry.npmjs.org/alien-signals/-/alien-signals-3.2.1.tgz"
  integrity sha512-I8FjmltrfnDFoZedi5CG8DghVYNhzb/Ijluz7tCSJH0xpd0484Kowhbb1XDYOxfJpU1p5wnM2X54dA+IfGyD1g==

balanced-match@^1.0.0:
  version "1.0.2"
  resolved "https://registry.npmjs.org/balanced-match/-/balanced-match-1.0.2.tgz"
  integrity sha512-3oSeUO0TMV67hN1AmbXsK4yaqU7tjiHlbxRDZOpH0KW9+CeX4bRAaX0Anxt0tx2MrpRpWwQaPwIlISEJhYU5Pw==

brace-expansion@^2.0.2:
  version "2.1.4"
  resolved "https://registry.npmjs.org/brace-expansion/-/brace-expansion-2.1.4.tgz"
  integrity sha512-hGfVzPxthbf3+2yjg/RBs60cB0FhqBS/zvdV/4wn4/BmN0bNMMHPc4V/BbFieqf1TKAGGAHnY4eSjajCl0f2Xg==
  dependencies:
    balanced-match "^1.0.0"

braces@^3.0.3:
  version "3.0.3"
  resolved "https://registry.npmjs.org/braces/-/braces-3.0.3.tgz"
  integrity sha512-yQbXgO/OSZVD2IsiLlro+7Hf6Q18EJrKSEsdoMzKePKXct3gvD8oLcOQdIzGupr5Fj+EDe8gO/lxc1BzfMpxvA==
  dependencies:
    fill-range "^7.1.1"

code-block-writer@^13.0.3:
  version "13.0.3"
  resolved "https://registry.npmjs.org/code-block-writer/-/code-block-writer-13.0.3.tgz"
  integrity sha512-Oofo0pq3IKnsFtuHqSF7TqBfr71aeyZDVJ0HpmqB7FBM2qEigL0iPONSCZSO9pE9dZTAxANe5XHG9Uy0YMv8cg==

csstype@^3.2.3:
  version "3.2.3"
  resolved "https://registry.npmjs.org/csstype/-/csstype-3.2.3.tgz"
  integrity sha512-z1HGKcYy2xA8AGQfwrn0PAy+PB7X/GSj3UVJW9qKyn43xWa+gl5nXmU4qqLMRzWVLFC8KusUX8T/0kCiOYpAIQ==

entities@^7.0.1:
  version "7.0.1"
  resolved "https://registry.npmjs.org/entities/-/entities-7.0.1.tgz"
  integrity sha512-TWrgLOFUQTH994YUyl1yT4uyavY5nNB5muff+RtWaqNVCAK408b5ZnnbNAUEWLTCpum9w6arT70i1XdQ4UeOPA==

"esbuild@^0.27.0 || ^0.28.0":
  version "0.28.2"
  resolved "https://registry.npmjs.org/esbuild/-/esbuild-0.28.2.tgz"
  integrity sha512-HKVLS8dvII+xoKW9kmqxbRKrnWEXfJJr/FZhhJmiqIB0e053QNYFqOBouTMO/k5sID4MvCiUCvv8b9M4h32wIA==
  optionalDependencies:
    "@esbuild/aix-ppc64" "0.28.2"
    "@esbuild/android-arm" "0.28.2"
    "@esbuild/android-arm64" "0.28.2"
    "@esbuild/android-x64" "0.28.2"
    "@esbuild/darwin-arm64" "0.28.2"
    "@esbuild/darwin-x64" "0.28.2"
    "@esbuild/freebsd-arm64" "0.28.2"
    "@esbuild/freebsd-x64" "0.28.2"
    "@esbuild/linux-arm" "0.28.2"
    "@esbuild/linux-arm64" "0.28.2"
    "@esbuild/linux-ia32" "0.28.2"
    "@esbuild/linux-loong64" "0.28.2"
    "@esbuild/linux-mips64el" "0.28.2"
    "@esbuild/linux-ppc64" "0.28.2"
    "@esbuild/linux-riscv64" "0.28.2"
    "@esbuild/linux-s390x" "0.28.2"
    "@esbuild/linux-x64" "0.28.2"
    "@esbuild/netbsd-arm64" "0.28.2"
    "@esbuild/netbsd-x64" "0.28.2"
    "@esbuild/openbsd-arm64" "0.28.2"
    "@esbuild/openbsd-x64" "0.28.2"
    "@esbuild/openharmony-arm64" "0.28.2"
    "@esbuild/sunos-x64" "0.28.2"
    "@esbuild/win32-arm64" "0.28.2"
    "@esbuild/win32-ia32" "0.28.2"
    "@esbuild/win32-x64" "0.28.2"

estree-walker@^2.0.2:
  version "2.0.2"
  resolved "https://registry.npmjs.org/estree-walker/-/estree-walker-2.0.2.tgz"
  integrity sha512-Rfkk/Mp/DL7JVje3u18FxFujQlTNR2q6QfMSMB7AvCBx91NGj/ba3kCfza0f6dVDbw7YlRf/nDrn7pQrCCyQ/w==

fast-glob@^3.3.2, fast-glob@^3.3.3:
  version "3.3.3"
  resolved "https://registry.npmjs.org/fast-glob/-/fast-glob-3.3.3.tgz"
  integrity sha512-7MptL8U0cqcFdzIzwOTHoilX9x5BrNqye7Z/LuC7kCMRio1EMSyqRK3BEAUD7sXRq4iT4AzTVuZdhgQ2TCvYLg==
  dependencies:
    "@nodelib/fs.stat" "^2.0.2"
    "@nodelib/fs.walk" "^1.2.3"
    glob-parent "^5.1.2"
    merge2 "^1.3.0"
    micromatch "^4.0.8"

fastq@^1.6.0:
  version "1.13.0"
  resolved "https://registry.npmjs.org/fastq/-/fastq-1.13.0.tgz"
  integrity sha512-YpkpUnK8od0o1hmeSc7UUs/eB/vIPWJYjKck2QKIzAf71Vm1AAQ3EbuZB3g2JIy+pg+ERD0vqI79KyZiB2e2Nw==
  dependencies:
    reusify "^1.0.4"

fdir@^6.5.0:
  version "6.5.0"
  resolved "https://registry.npmjs.org/fdir/-/fdir-6.5.0.tgz"
  integrity sha512-tIbYtZbucOs0BRGqPJkshJUYdL+SDH7dVM8gjy+ERp3WAUjLEFJE+02kanyHtwjWOnwrKYBiwAmM0p4kLJAnXg==

fflate@~0.8.2:
  version "0.8.3"
  resolved "https://registry.npmjs.org/fflate/-/fflate-0.8.3.tgz"
  integrity sha512-tbZNuJrLwGUp3zshBtdy4W+ORxZuIh8a5ilyIEQDC5rY1f3U20JMry0Ll3WBzU58EZKsEuJFXhb5gwv8CsPvgA==

fill-range@^7.1.1:
  version "7.1.1"
  resolved "https://registry.npmjs.org/fill-range/-/fill-range-7.1.1.tgz"
  integrity sha512-YsGpe3WHLK8ZYi4tWDg2Jy3ebRz2rXowDxnld4bkQB00cc/1Zw9AWnC0i9ztDJitivtQvaI9KaLyKrc+hBW0yg==
  dependencies:
    to-regex-range "^5.0.1"

fsevents@~2.3.2, fsevents@~2.3.3:
  version "2.3.3"
  resolved "https://registry.npmjs.org/fsevents/-/fsevents-2.3.3.tgz#cac6407785d03675a2a5e1a5305c697b347d90d6"
  integrity sha512-5xoDfX+fL7faATnagmWPpbFtwh/R77WmMMqqHGS65C3vvB0YHrgF+B1YmZ3441tMj5n63k0212XNoJwzlhffQw==

glob-parent@^5.1.2:
  version "5.1.2"
  resolved "https://registry.npmjs.org/glob-parent/-/glob-parent-5.1.2.tgz"
  integrity sha512-AOIgSQCepiJYwP3ARnGx+5VnTu2HBYdzbGP45eLw1vr3zB3vZLeyed1sC9hnbcOc9/SrMyM5RPQrkGz4aS9Zow==
  dependencies:
    is-glob "^4.0.1"

is-extglob@^2.1.1:
  version "2.1.1"
  resolved "https://registry.npmjs.org/is-extglob/-/is-extglob-2.1.1.tgz"
  integrity sha512-SbKbANkN603Vi4jEZv49LeVJMn4yGwsbzZworEoyEiutsN3nJYdbO36zfhGJ6QEDpOZIFkDtnq5JRxmvl3jsoQ==

is-glob@^4.0.1:
  version "4.0.3"
  resolved "https://registry.npmjs.org/is-glob/-/is-glob-4.0.3.tgz"
  integrity sha512-xelSayHH36ZgE7ZWhli7pW34hNbNl8Ojv5KVmkJD4hBdD3th8Tfk9vYasLM+mXWOZhFkgZfxhLSnrwRr4elSSg==
  dependencies:
    is-extglob "^2.1.1"

is-number@^7.0.0:
  version "7.0.0"
  resolved "https://registry.npmjs.org/is-number/-/is-number-7.0.0.tgz"
  integrity sha512-41Cifkg6e8TylSpdtTpeLVMqvSBEVzTttHvERD741+pnZ8ANv0004MRL43QKPDlK9cGvNp6NZWZUBlbGXYxxng==

magic-string@^0.30.21:
  version "0.30.21"
  resolved "https://registry.npmjs.org/magic-string/-/magic-string-0.30.21.tgz"
  integrity sha512-vd2F4YUyEXKGcLHoq+TEyCjxueSeHnFxyyjNp80yg0XV4vUhnDer/lvvlqM/arB5bXQN5K2/3oinyCRyx8T2CQ==
  dependencies:
    "@jridgewell/sourcemap-codec" "^1.5.5"

merge2@^1.3.0:
  version "1.4.1"
  resolved "https://registry.npmjs.org/merge2/-/merge2-1.4.1.tgz"
  integrity sha512-8q7VEgMJW4J8tcfVPy8g09NcQwZdbwFEqhe/WZkoIzjn/3TGDwtOCYtXGxA3O8tPzpczCCDgv+P2P5y00ZJOOg==

meshoptimizer@~1.1.1:
  version "1.1.1"
  resolved "https://registry.npmjs.org/meshoptimizer/-/meshoptimizer-1.1.1.tgz"
  integrity sha512-oRFNWJRDA/WTrVj7NWvqa5HqE1t9MYDj2VaWirQCzCCrAd2GHrqR/sQezCxiWATPNlKTcRaPRHPJwIRoPBAp5g==

micromatch@^4.0.8:
  version "4.0.8"
  resolved "https://registry.npmjs.org/micromatch/-/micromatch-4.0.8.tgz"
  integrity sha512-PXwfBhYu0hBCPw8Dn0E+WDYb7af3dSLVWKi3HGv84IdF4TyFoC0ysxFd0Goxw7nSv4T/PzEJQxsYsEiFCKo2BA==
  dependencies:
    braces "^3.0.3"
    picomatch "^2.3.1"

minimatch@^9.0.4:
  version "9.0.9"
  resolved "https://registry.npmjs.org/minimatch/-/minimatch-9.0.9.tgz"
  integrity sha512-OBwBN9AL4dqmETlpS2zasx+vTeWclWzkblfZk7KTA5j3jeOONz/tRCnZomUyvNg83wL5Zv9Ss6HMJXAgL8R2Yg==
  dependencies:
    brace-expansion "^2.0.2"

muggle-string@^0.4.1:
  version "0.4.1"
  resolved "https://registry.npmjs.org/muggle-string/-/muggle-string-0.4.1.tgz"
  integrity sha512-VNTrAak/KhO2i8dqqnqnAHOa3cYBwXEZe9h+D5h/1ZqFSTEFHdM65lR7RoIqq3tBBYavsOXV84NoHXZ0AkPyqQ==

nanoid@^3.3.18:
  version "3.3.18"
  resolved "https://registry.npmjs.org/nanoid/-/nanoid-3.3.18.tgz"
  integrity sha512-DTg4MJbGMWkfi6VZFdNt2/caMbQy4Ou+Op/hJQvGEWcnVfoA1QA+xzRKAzw9jD6+GVOOeYr/mIcuDSdug6F6+w==

path-browserify@^1.0.1:
  version "1.0.1"
  resolved "https://registry.npmjs.org/path-browserify/-/path-browserify-1.0.1.tgz"
  integrity sha512-b7uo2UCUOYZcnF/3ID0lulOJi/bafxa1xPe7ZPsammBSpjSWQkjNxlt635YGS2MiR9GjvuXCtz2emr3jbsz98g==

picocolors@^1.1.1:
  version "1.1.1"
  resolved "https://registry.npmjs.org/picocolors/-/picocolors-1.1.1.tgz"
  integrity sha512-xceH2snhtb5M9liqDsmEw56le376mTZkEX/jEb/RxNFyegNul7eNslCXP9FDj/Lcu0X8KEyMceP2ntpaHrDEVA==

picomatch@^2.3.1:
  version "2.3.1"
  resolved "https://registry.npmjs.org/picomatch/-/picomatch-2.3.1.tgz"
  integrity sha512-JU3teHTNjmE2VCGFzuY8EXzCDVwEqB2a8fsIvwaStHhAWJEeVd1o1QD80CU6+ZdEXXSLbSsuLwJjkCBWqRQUVA==

picomatch@^4.0.3, picomatch@^4.0.4:
  version "4.0.7"
  resolved "https://registry.npmjs.org/picomatch/-/picomatch-4.0.7.tgz"
  integrity sha512-qcJu88Q2IWqJsDD529JKMdwGm/dvInW4HvQnRwiH9JtihJvzGOscDtHE3x1pBKeUOTysQ8kVmLnJ2kJu7yhcGA==

postcss@^8.5.19, postcss@^8.5.6:
  version "8.5.28"
  resolved "https://registry.npmjs.org/postcss/-/postcss-8.5.28.tgz"
  integrity sha512-RRuzqDtt5Y9h3quz5hWhK+TPnsmVs6WwSU6LkJMeY4HstUEDuYTG8UJSdawMRzmzAtV+KEoG8N3Qg2qLy5vM/A==
  dependencies:
    nanoid "^3.3.18"
    picocolors "^1.1.1"
    source-map-js "^1.2.1"

queue-microtask@^1.2.2:
  version "1.2.3"
  resolved "https://registry.npmjs.org/queue-microtask/-/queue-microtask-1.2.3.tgz"
  integrity sha512-NuaNSa6flKT5JaSYQzJok04JzTL1CA6aGhv5rfLW3PgqA+M2ChpZQnAC8h8i4ZFkBS8X5RqkDBHA7r4hej3K9A==

reusify@^1.0.4:
  version "1.0.4"
  resolved "https://registry.npmjs.org/reusify/-/reusify-1.0.4.tgz"
  integrity sha512-U9nH88a3fc/ekCF1l0/UP1IosiuIjyTh7hBvXVMHYgVcfGvt897Xguj2UOLDeI5BG2m7/uwyaLVT6fbtCwTyzw==

rollup@^4.43.0:
  version "4.63.1"
  resolved "https://registry.npmjs.org/rollup/-/rollup-4.63.1.tgz"
  integrity sha512-3Df9jsstwhccuEfmAMi9l8XUh/GOkVObmFTU7CCVBysEbcOZLl84jCtaAZMcPiMz2EGKsATzQcU+Xr3n/wU6cg==
  dependencies:
    "@types/estree" "1.0.9"
  optionalDependencies:
    "@napi-rs/lzma-linux-x64-gnu" "1.5.1"
    "@rollup/rollup-android-arm-eabi" "4.63.1"
    "@rollup/rollup-android-arm64" "4.63.1"
    "@rollup/rollup-darwin-arm64" "4.63.1"
    "@rollup/rollup-darwin-x64" "4.63.1"
    "@rollup/rollup-freebsd-arm64" "4.63.1"
    "@rollup/rollup-freebsd-x64" "4.63.1"
    "@rollup/rollup-linux-arm-gnueabihf" "4.63.1"
    "@rollup/rollup-linux-arm-musleabihf" "4.63.1"
    "@rollup/rollup-linux-arm64-gnu" "4.63.1"
    "@rollup/rollup-linux-arm64-musl" "4.63.1"
    "@rollup/rollup-linux-loong64-gnu" "4.63.1"
    "@rollup/rollup-linux-loong64-musl" "4.63.1"
    "@rollup/rollup-linux-ppc64-gnu" "4.63.1"
    "@rollup/rollup-linux-ppc64-musl" "4.63.1"
    "@rollup/rollup-linux-riscv64-gnu" "4.63.1"
    "@rollup/rollup-linux-riscv64-musl" "4.63.1"
    "@rollup/rollup-linux-s390x-gnu" "4.63.1"
    "@rollup/rollup-linux-x64-gnu" "4.63.1"
    "@rollup/rollup-linux-x64-musl" "4.63.1"
    "@rollup/rollup-openbsd-x64" "4.63.1"
    "@rollup/rollup-openharmony-arm64" "4.63.1"
    "@rollup/rollup-win32-arm64-msvc" "4.63.1"
    "@rollup/rollup-win32-ia32-msvc" "4.63.1"
    "@rollup/rollup-win32-x64-gnu" "4.63.1"
    "@rollup/rollup-win32-x64-msvc" "4.63.1"
    fsevents "~2.3.2"

run-parallel@^1.1.9:
  version "1.2.0"
  resolved "https://registry.npmjs.org/run-parallel/-/run-parallel-1.2.0.tgz"
  integrity sha512-5l4VyZR86LZ/lDxZTR6jqL8AFE2S0IFLMP26AbjsLVADxHdhB/c0GUsH+y39UfCi3dzz8OlQuPmnaJOMoDHQBA==
  dependencies:
    queue-microtask "^1.2.2"

source-map-js@^1.2.1:
  version "1.2.1"
  resolved "https://registry.npmjs.org/source-map-js/-/source-map-js-1.2.1.tgz"
  integrity sha512-UXWMKhLOwVKb728IUtQPXxfYU+usdybtUrK/8uGE8CQMvrhOpwvzDBwj0QhSL7MQc7vIsISBG8VQ8+IDQxpfQA==

three@^0.185.1:
  version "0.185.1"
  resolved "https://registry.npmjs.org/three/-/three-0.185.1.tgz"
  integrity sha512-5aojFCXKwnjBRZvUnt3WFfEcvUJgkN5LlijRFN95hMy8WVkG4I0QNcJE+OuWvuJ0bOdStrbfXn0pkd6/QyiAlg==

tinyglobby@^0.2.15:
  version "0.2.17"
  resolved "https://registry.npmjs.org/tinyglobby/-/tinyglobby-0.2.17.tgz"
  integrity sha512-wXR/dYpcqKmfWpEdZjiKJOwCNFndD0DMnrW/cYjVGttEkBfVgcLFHoNrlj47mjOVic9yyNu65alsgF4NQyTa2g==
  dependencies:
    fdir "^6.5.0"
    picomatch "^4.0.4"

to-regex-range@^5.0.1:
  version "5.0.1"
  resolved "https://registry.npmjs.org/to-regex-range/-/to-regex-range-5.0.1.tgz"
  integrity sha512-65P7iz6X5yEr1cwcgvQxbbIw7Uk3gOy5dIdtZ4rDveLqhrdJP+Li/Hx6tyK0NEb+2GCyneCMJiGqrADCSNk8sQ==
  dependencies:
    is-number "^7.0.0"

ts-morph@^25.0.1:
  version "25.0.1"
  resolved "https://registry.npmjs.org/ts-morph/-/ts-morph-25.0.1.tgz"
  integrity sha512-QJEiTdnz1YjrB3JFhd626gX4rKHDLSjSVMvGGG4v7ONc3RBwa0Eei98G9AT9uNFDMtV54JyuXsFeC+OH0n6bXQ==
  dependencies:
    "@ts-morph/common" "~0.26.0"
    code-block-writer "^13.0.3"

typescript@^5.8.3:
  version "5.9.3"
  resolved "https://registry.npmjs.org/typescript/-/typescript-5.9.3.tgz"
  integrity sha512-jl1vZzPDinLr9eUt3J/t7V6FgNEw9QjvBPdysz9KfQDD41fQrC2Y4vKQdiaUpFT4bXlb1RHhLpp8wtm6M5TgSw==

undici-types@~6.21.0:
  version "6.21.0"
  resolved "https://registry.npmjs.org/undici-types/-/undici-types-6.21.0.tgz"
  integrity sha512-iwDZqg0QAGrg9Rav5H4n0M64c3mkR59cJ6wQp+7C4nI0gsmExaedaYLNO44eT4AtBBwjbTiGPMlt2Md0T9H9JQ==

vite@^7.0.4:
  version "7.3.6"
  resolved "https://registry.npmjs.org/vite/-/vite-7.3.6.tgz"
  integrity sha512-4XP60spRGjSZFf1qYH+dJIkK2znL3zQfl9KkOV9MkkRR/3Dls0dxaBsQPTloEc5BLXWPL9vsOxopxyKoMmDueg==
  dependencies:
    esbuild "^0.27.0 || ^0.28.0"
    fdir "^6.5.0"
    picomatch "^4.0.3"
    postcss "^8.5.6"
    rollup "^4.43.0"
    tinyglobby "^0.2.15"
  optionalDependencies:
    fsevents "~2.3.3"

vscode-uri@^3.0.8:
  version "3.2.0"
  resolved "https://registry.npmjs.org/vscode-uri/-/vscode-uri-3.2.0.tgz"
  integrity sha512-m2gXo3bn0G1kT9InzMf07fTbqMbGtyckj3bH5ktLO+1Ssv+yiATZ4dhwaQv9UZWxJh6E9IFGnQyjgWVDWVBDrg==

vue-tsc@^3.0.5:
  version "3.3.11"
  resolved "https://registry.npmjs.org/vue-tsc/-/vue-tsc-3.3.11.tgz"
  integrity sha512-gOb0B9rtU2+f1dszwPqSH5kAieIF9ReeLhD3kSRNHv5WZZUQz/JdVXW0RTdqhNTMlQkqKzrTTviqKr/4FYZraQ==
  dependencies:
    "@volar/typescript" "2.4.28"
    "@vue/language-core" "3.3.11"

vue@^3.5.17:
  version "3.5.42"
  resolved "https://registry.npmjs.org/vue/-/vue-3.5.42.tgz"
  integrity sha512-4RyHQTbQvOPs3MfvUO1Sg0YRrKNnA0mAVtvpd12Tg1fKDN7OHBUl1IqSn8zGJjK9nI3NkNp8cgTpVrSZC5TTcA==
  dependencies:
    "@vue/compiler-dom" "3.5.42"
    "@vue/compiler-sfc" "3.5.42"
    "@vue/runtime-dom" "3.5.42"
    "@vue/server-renderer" "3.5.42"
    "@vue/shared" "3.5.42"
